
Microsoft Visual Studio Solution File, Format Version 12.00
# Visual Studio Version 16
VisualStudioVersion = 16.0.29503.13
MinimumVisualStudioVersion = 10.0.40219.1
Project("{FAE04EC0-301F-11D3-BF4B-00C04F79EFBC}") = "MyPlace", "MyPlace\MyPlace.csproj", "{F89D087C-4FB9-46F2-B03A-9C47F96D095D}"
EndProject
Global
	GlobalSection(SolutionConfigurationPlatforms) = preSolution
		Debug|Any CPU = Debug|Any CPU
		Release|Any CPU = Release|Any CPU
	EndGlobalSection
	GlobalSection(ProjectConfigurationPlatforms) = postSolution
		{F89D087C-4FB9-46F2-B03A-9C47F96D095D}.Debug|Any CPU.ActiveCfg = Debug|Any CPU
		{F89D087C-4FB9-46F2-B03A-9C47F96D095D}.Debug|Any CPU.Build.0 = Debug|Any CPU
		{F89D087C-4FB9-46F2-B03A-9C47F96D095D}.Release|Any CPU.ActiveCfg = Release|Any CPU
		{F89D087C-4FB9-46F2-B03A-9C47F96D095D}.Release|Any CPU.Build.0 = Release|Any CPU
	EndGlobalSection
	GlobalSection(SolutionProperties) = preSolution
		HideSolutionNode = FALSE
	EndGlobalSection
	GlobalSection(ExtensibilityGlobals) = postSolution
		SolutionGuid = {B377FB76-1931-4143-83D3-BA2A2DEF701E}
	EndGlobalSection
EndGlobal
